{
  "object": {
    "pins": [
      {
        "package": "OpenLocationCode",
        "repositoryURL": "https://github.com/google/open-location-code-swift.git",
        "state": {
          "branch": "master",
          "revision": "5621ac8202650f5081383d8c500992857a3a43b0",
          "version": null
        }
      },
      {
        "package": "Swifter",
        "repositoryURL": "https://github.com/httpswift/swifter.git",
        "state": {
          "branch": null,
          "revision": "8b5afb48ae64d4f729f0489ddcfe09c62b9c3687",
          "version": "1.4.7"
        }
      },
      {
        "package": "SwiftyJSON",
        "repositoryURL": "https://github.com/SwiftyJSON/SwiftyJSON.git",
        "state": {
          "branch": null,
          "revision": "2b6054efa051565954e1d2b9da831680026cd768",
          "version": "4.3.0"
        }
      }
    ]
  },
  "version": 1
}
